// !$*UTF8*$!
{
	archiveVersion = 1;
	classes = {
	};
	objectVersion = 55;
	objects = {

/* Begin PBXBuildFile section */
		D6028D9F2782C1FB00771B33 /* AppDelegate.swift in Sources */ = {isa = PBXBuildFile; fileRef = D6028D9E2782C1FB00771B33 /* AppDelegate.swift */; };
		D6028DA12782C1FB00771B33 /* SceneDelegate.swift in Sources */ = {isa = PBXBuildFile; fileRef = D6028DA02782C1FB00771B33 /* SceneDelegate.swift */; };
		D6028DA32782C1FB00771B33 /* ViewController.swift in Sources */ = {isa = PBXBuildFile; fileRef = D6028DA22782C1FB00771B33 /* ViewController.swift */; };
		D6028DA62782C1FB00771B33 /* Main.storyboard in Resources */ = {isa = PBXBuildFile; fileRef = D6028DA42782C1FB00771B33 /* Main.storyboard */; };
		D6028DA82782C1FD00771B33 /* Assets.xcassets in Resources */ = {isa = PBXBuildFile; fileRef = D6028DA72782C1FD00771B33 /* Assets.xcassets */; };
		D6028DAB2782C1FD00771B33 /* LaunchScreen.storyboard in Resources */ = {isa = PBXBuildFile; fileRef = D6028DA92782C1FD00771B33 /* LaunchScreen.storyboard */; };
		D6028DB62782C1FD00771B33 /* APITestPracticeTests.swift in Sources */ = {isa = PBXBuildFile; fileRef = D6028DB52782C1FD00771B33 /* APITestPracticeTests.swift */; };
		D6028DC02782C1FD00771B33 /* APITestPracticeUITests.swift in Sources */ = {isa = PBXBuildFile; fileRef = D6028DBF2782C1FD00771B33 /* APITestPracticeUITests.swift */; };
		D6028DC22782C1FD00771B33 /* APITestPracticeUITestsLaunchTests.swift in Sources */ = {isa = PBXBuildFile; fileRef = D6028DC12782C1FD00771B33 /* APITestPracticeUITestsLaunchTests.swift */; };
/* End PBXBuildFile section */

/* Begin PBXContainerItemProxy section */
		D6028DB22782C1FD00771B33 /* PBXContainerItemProxy */ = {
			isa = PBXContainerItemProxy;
			containerPortal = D6028D932782C1FB00771B33 /* Project object */;
			proxyType = 1;
			remoteGlobalIDString = D6028D9A2782C1FB00771B33;
			remoteInfo = APITestPractice;
		};
		D6028DBC2782C1FD00771B33 /* PBXContainerItemProxy */ = {
			isa = PBXContainerItemProxy;
			containerPortal = D6028D932782C1FB00771B33 /* Project object */;
			proxyType = 1;
			remoteGlobalIDString = D6028D9A2782C1FB00771B33;
			remoteInfo = APITestPractice;
		};
/* End PBXContainerItemProxy section */

/* Begin PBXFileReference section */
		D6028D9B2782C1FB00771B33 /* APITestPractice.app */ = {isa = PBXFileReference; explicitFileType = wrapper.application; includeInIndex = 0; path = APITestPractice.app; sourceTree = BUILT_PRODUCTS_DIR; };
		D6028D9E2782C1FB00771B33 /* AppDelegate.swift */ = {isa = PBXFileReference; lastKnownFileType = sourcecode.swift; path = AppDelegate.swift; sourceTree = "<group>"; };
		D6028DA02782C1FB00771B33 /* SceneDelegate.swift */ = {isa = PBXFileReference; lastKnownFileType = sourcecode.swift; path = SceneDelegate.swift; sourceTree = "<group>"; };
		D6028DA22782C1FB00771B33 /* ViewController.swift */ = {isa = PBXFileReference; lastKnownFileType = sourcecode.swift; path = ViewController.swift; sourceTree = "<group>"; };
		D6028DA52782C1FB00771B33 /* Base */ = {isa = PBXFileReference; lastKnownFileType = file.storyboard; name = Base; path = Base.lproj/Main.storyboard; sourceTree = "<group>"; };
		D6028DA72782C1FD00771B33 /* Assets.xcassets */ = {isa = PBXFileReference; lastKnownFileType = folder.assetcatalog; path = Assets.xcassets; sourceTree = "<group>"; };
		D6028DAA2782C1FD00771B33 /* Base */ = {isa = PBXFileReference; lastKnownFileType = file.storyboard; name = Base; path = Base.lproj/LaunchScreen.storyboard; sourceTree = "<group>"; };
		D6028DAC2782C1FD00771B33 /* Info.plist */ = {isa = PBXFileReference; lastKnownFileType = text.plist.xml; path = Info.plist; sourceTree = "<group>"; };
		D6028DB12782C1FD00771B33 /* APITestPracticeTests.xctest */ = {isa = PBXFileReference; explicitFileType = wrapper.cfbundle; includeInIndex = 0; path = APITestPracticeTests.xctest; sourceTree = BUILT_PRODUCTS_DIR; };
		D6028DB52782C1FD00771B33 /* APITestPracticeTests.swift */ = {isa = PBXFileReference; lastKnownFileType = sourcecode.swift; path = APITestPracticeTests.swift; sourceTree = "<group>"; };
		D6028DBB2782C1FD00771B33 /* APITestPracticeUITests.xctest */ = {isa = PBXFileReference; explicitFileType = wrapper.cfbundle; includeInIndex = 0; path = APITestPracticeUITests.xctest; sourceTree = BUILT_PRODUCTS_DIR; };
		D6028DBF2782C1FD00771B33 /* APITestPracticeUITests.swift */ = {isa = PBXFileReference; lastKnownFileType = sourcecode.swift; path = APITestPracticeUITests.swift; sourceTree = "<group>"; };
		D6028DC12782C1FD00771B33 /* APITestPracticeUITestsLaunchTests.swift */ = {isa = PBXFileReference; lastKnownFileType = sourcecode.swift; path = APITestPracticeUITestsLaunchTests.swift; sourceTree = "<group>"; };
/* End PBXFileReference section */

/* Begin PBXFrameworksBuildPhase section */
		D6028D982782C1FB00771B33 /* Frameworks */ = {
			isa = PBXFrameworksBuildPhase;
			buildActionMask = 2147483647;
			files = (
			);
			runOnlyForDeploymentPostprocessing = 0;
		};
		D6028DAE2782C1FD00771B33 /* Frameworks */ = {
			isa = PBXFrameworksBuildPhase;
			buildActionMask = 2147483647;
			files = (
			);
			runOnlyForDeploymentPostprocessing = 0;
		};
		D6028DB82782C1FD00771B33 /* Frameworks */ = {
			isa = PBXFrameworksBuildPhase;
			buildActionMask = 2147483647;
			files = (
			);
			runOnlyForDeploymentPostprocessing = 0;
		};
/* End PBXFrameworksBuildPhase section */

/* Begin PBXGroup section */
		D6028D922782C1FB00771B33 = {
			isa = PBXGroup;
			children = (
				D6028D9D2782C1FB00771B33 /* APITestPractice */,
				D6028DB42782C1FD00771B33 /* APITestPracticeTests */,
				D6028DBE2782C1FD00771B33 /* APITestPracticeUITests */,
				D6028D9C2782C1FB00771B33 /* Products */,
			);
			sourceTree = "<group>";
		};
		D6028D9C2782C1FB00771B33 /* Products */ = {
			isa = PBXGroup;
			children = (
				D6028D9B2782C1FB00771B33 /* APITestPractice.app */,
				D6028DB12782C1FD00771B33 /* APITestPracticeTests.xctest */,
				D6028DBB2782C1FD00771B33 /* APITestPracticeUITests.xctest */,
			);
			name = Products;
			sourceTree = "<group>";
		};
		D6028D9D2782C1FB00771B33 /* APITestPractice */ = {
			isa = PBXGroup;
			children = (
				D6028D9E2782C1FB00771B33 /* AppDelegate.swift */,
				D6028DA02782C1FB00771B33 /* SceneDelegate.swift */,
				D6028DA22782C1FB00771B33 /* ViewController.swift */,
				D6028DA42782C1FB00771B33 /* Main.storyboard */,
				D6028DA72782C1FD00771B33 /* Assets.xcassets */,
				D6028DA92782C1FD00771B33 /* LaunchScreen.storyboard */,
				D6028DAC2782C1FD00771B33 /* Info.plist */,
			);
			path = APITestPractice;
			sourceTree = "<group>";
		};
		D6028DB42782C1FD00771B33 /* APITestPracticeTests */ = {
			isa = PBXGroup;
			children = (
				D6028DB52782C1FD00771B33 /* APITestPracticeTests.swift */,
			);
			path = APITestPracticeTests;
			sourceTree = "<group>";
		};
		D6028DBE2782C1FD00771B33 /* APITestPracticeUITests */ = {
			isa = PBXGroup;
			children = (
				D6028DBF2782C1FD00771B33 /* APITestPracticeUITests.swift */,
				D6028DC12782C1FD00771B33 /* APITestPracticeUITestsLaunchTests.swift */,
			);
			path = APITestPracticeUITests;
			sourceTree = "<group>";
		};
/* End PBXGroup section */

/* Begin PBXNativeTarget section */
		D6028D9A2782C1FB00771B33 /* APITestPractice */ = {
			isa = PBXNativeTarget;
			buildConfigurationList = D6028DC52782C1FD00771B33 /* Build configuration list for PBXNativeTarget "APITestPractice" */;
			buildPhases = (
				D6028D972782C1FB00771B33 /* Sources */,
				D6028D982782C1FB00771B33 /* Frameworks */,
				D6028D992782C1FB00771B33 /* Resources */,
			);
			buildRules = (
			);
			dependencies = (
			);
			name = APITestPractice;
			productName = APITestPractice;
			productReference = D6028D9B2782C1FB00771B33 /* APITestPractice.app */;
			productType = "com.apple.product-type.application";
		};
		D6028DB02782C1FD00771B33 /* APITestPracticeTests */ = {
			isa = PBXNativeTarget;
			buildConfigurationList = D6028DC82782C1FD00771B33 /* Build configuration list for PBXNativeTarget "APITestPracticeTests" */;
			buildPhases = (
				D6028DAD2782C1FD00771B33 /* Sources */,
				D6028DAE2782C1FD00771B33 /* Frameworks */,
				D6028DAF2782C1FD00771B33 /* Resources */,
			);
			buildRules = (
			);
			dependencies = (
				D6028DB32782C1FD00771B33 /* PBXTargetDependency */,
			);
			name = APITestPracticeTests;
			productName = APITestPracticeTests;
			productReference = D6028DB12782C1FD00771B33 /* APITestPracticeTests.xctest */;
			productType = "com.apple.product-type.bundle.unit-test";
		};
		D6028DBA2782C1FD00771B33 /* APITestPracticeUITests */ = {
			isa = PBXNativeTarget;
			buildConfigurationList = D6028DCB2782C1FD00771B33 /* Build configuration list for PBXNativeTarget "APITestPracticeUITests" */;
			buildPhases = (
				D6028DB72782C1FD00771B33 /* Sources */,
				D6028DB82782C1FD00771B33 /* Frameworks */,
				D6028DB92782C1FD00771B33 /* Resources */,
			);
			buildRules = (
			);
			dependencies = (
				D6028DBD2782C1FD00771B33 /* PBXTargetDependency */,
			);
			name = APITestPracticeUITests;
			productName = APITestPracticeUITests;
			productReference = D6028DBB2782C1FD00771B33 /* APITestPracticeUITests.xctest */;
			productType = "com.apple.product-type.bundle.ui-testing";
		};
/* End PBXNativeTarget section */

/* Begin PBXProject section */
		D6028D932782C1FB00771B33 /* Project object */ = {
			isa = PBXProject;
			attributes = {
				BuildIndependentTargetsInParallel = 1;
				LastSwiftUpdateCheck = 1320;
				LastUpgradeCheck = 1320;
				TargetAttributes = {
					D6028D9A2782C1FB00771B33 = {
						CreatedOnToolsVersion = 13.2.1;
					};
					D6028DB02782C1FD00771B33 = {
						CreatedOnToolsVersion = 13.2.1;
						TestTargetID = D6028D9A2782C1FB00771B33;
					};
					D6028DBA2782C1FD00771B33 = {
						CreatedOnToolsVersion = 13.2.1;
						TestTargetID = D6028D9A2782C1FB00771B33;
					};
				};
			};
			buildConfigurationList = D6028D962782C1FB00771B33 /* Build configuration list for PBXProject "APITestPractice" */;
			compatibilityVersion = "Xcode 13.0";
			developmentRegion = en;
			hasScannedForEncodings = 0;
			knownRegions = (
				en,
				Base,
			);
			mainGroup = D6028D922782C1FB00771B33;
			productRefGroup = D6028D9C2782C1FB00771B33 /* Products */;
			projectDirPath = "";
			projectRoot = "";
			targets = (
				D6028D9A2782C1FB00771B33 /* APITestPractice */,
				D6028DB02782C1FD00771B33 /* APITestPracticeTests */,
				D6028DBA2782C1FD00771B33 /* APITestPracticeUITests */,
			);
		};
/* End PBXProject section */

/* Begin PBXResourcesBuildPhase section */
		D6028D992782C1FB00771B33 /* Resources */ = {
			isa = PBXResourcesBuildPhase;
			buildActionMask = 2147483647;
			files = (
				D6028DAB2782C1FD00771B33 /* LaunchScreen.storyboard in Resources */,
				D6028DA82782C1FD00771B33 /* Assets.xcassets in Resources */,
				D6028DA62782C1FB00771B33 /* Main.storyboard in Resources */,
			);
			runOnlyForDeploymentPostprocessing = 0;
		};
		D6028DAF2782C1FD00771B33 /* Resources */ = {
			isa = PBXResourcesBuildPhase;
			buildActionMask = 2147483647;
			files = (
			);
			runOnlyForDeploymentPostprocessing = 0;
		};
		D6028DB92782C1FD00771B33 /* Resources */ = {
			isa = PBXResourcesBuildPhase;
			buildActionMask = 2147483647;
			files = (
			);
			runOnlyForDeploymentPostprocessing = 0;
		};
/* End PBXResourcesBuildPhase section */

/* Begin PBXSourcesBuildPhase section */
		D6028D972782C1FB00771B33 /* Sources */ = {
			isa = PBXSourcesBuildPhase;
			buildActionMask = 2147483647;
			files = (
				D6028DA32782C1FB00771B33 /* ViewController.swift in Sources */,
				D6028D9F2782C1FB00771B33 /* AppDelegate.swift in Sources */,
				D6028DA12782C1FB00771B33 /* SceneDelegate.swift in Sources */,
			);
			runOnlyForDeploymentPostprocessing = 0;
		};
		D6028DAD2782C1FD00771B33 /* Sources */ = {
			isa = PBXSourcesBuildPhase;
			buildActionMask = 2147483647;
			files = (
				D6028DB62782C1FD00771B33 /* APITestPracticeTests.swift in Sources */,
			);
			runOnlyForDeploymentPostprocessing = 0;
		};
		D6028DB72782C1FD00771B33 /* Sources */ = {
			isa = PBXSourcesBuildPhase;
			buildActionMask = 2147483647;
			files = (
				D6028DC22782C1FD00771B33 /* APITestPracticeUITestsLaunchTests.swift in Sources */,
				D6028DC02782C1FD00771B33 /* APITestPracticeUITests.swift in Sources */,
			);
			runOnlyForDeploymentPostprocessing = 0;
		};
/* End PBXSourcesBuildPhase section */

/* Begin PBXTargetDependency section */
		D6028DB32782C1FD00771B33 /* PBXTargetDependency */ = {
			isa = PBXTargetDependency;
			target = D6028D9A2782C1FB00771B33 /* APITestPractice */;
			targetProxy = D6028DB22782C1FD00771B33 /* PBXContainerItemProxy */;
		};
		D6028DBD2782C1FD00771B33 /* PBXTargetDependency */ = {
			isa = PBXTargetDependency;
			target = D6028D9A2782C1FB00771B33 /* APITestPractice */;
			targetProxy = D6028DBC2782C1FD00771B33 /* PBXContainerItemProxy */;
		};
/* End PBXTargetDependency section */

/* Begin PBXVariantGroup section */
		D6028DA42782C1FB00771B33 /* Main.storyboard */ = {
			isa = PBXVariantGroup;
			children = (
				D6028DA52782C1FB00771B33 /* Base */,
			);
			name = Main.storyboard;
			sourceTree = "<group>";
		};
		D6028DA92782C1FD00771B33 /* LaunchScreen.storyboard */ = {
			isa = PBXVariantGroup;
			children = (
				D6028DAA2782C1FD00771B33 /* Base */,
			);
			name = LaunchScreen.storyboard;
			sourceTree = "<group>";
		};
/* End PBXVariantGroup section */

/* Begin XCBuildConfiguration section */
		D6028DC32782C1FD00771B33 /* Debug */ = {
			isa = XCBuildConfiguration;
			buildSettings = {
				ALWAYS_SEARCH_USER_PATHS = NO;
				CLANG_ANALYZER_NONNULL = YES;
				CLANG_ANALYZER_NUMBER_OBJECT_CONVERSION = YES_AGGRESSIVE;
				CLANG_CXX_LANGUAGE_STANDARD = "gnu++17";
				CLANG_CXX_LIBRARY = "libc++";
				CLANG_ENABLE_MODULES = YES;
				CLANG_ENABLE_OBJC_ARC = YES;
				CLANG_ENABLE_OBJC_WEAK = YES;
				CLANG_WARN_BLOCK_CAPTURE_AUTORELEASING = YES;
				CLANG_WARN_BOOL_CONVERSION = YES;
				CLANG_WARN_COMMA = YES;
				CLANG_WARN_CONSTANT_CONVERSION = YES;
				CLANG_WARN_DEPRECATED_OBJC_IMPLEMENTATIONS = YES;
				CLANG_WARN_DIRECT_OBJC_ISA_USAGE = YES_ERROR;
				CLANG_WARN_DOCUMENTATION_COMMENTS = YES;
				CLANG_WARN_EMPTY_BODY = YES;
				CLANG_WARN_ENUM_CONVERSION = YES;
				CLANG_WARN_INFINITE_RECURSION = YES;
				CLANG_WARN_INT_CONVERSION = YES;
				CLANG_WARN_NON_LITERAL_NULL_CONVERSION = YES;
				CLANG_WARN_OBJC_IMPLICIT_RETAIN_SELF = YES;
				CLANG_WARN_OBJC_LITERAL_CONVERSION = YES;
				CLANG_WARN_OBJC_ROOT_CLASS = YES_ERROR;
				CLANG_WARN_QUOTED_INCLUDE_IN_FRAMEWORK_HEADER = YES;
				CLANG_WARN_RANGE_LOOP_ANALYSIS = YES;
				CLANG_WARN_STRICT_PROTOTYPES = YES;
				CLANG_WARN_SUSPICIOUS_MOVE = YES;
				CLANG_WARN_UNGUARDED_AVAILABILITY = YES_AGGRESSIVE;
				CLANG_WARN_UNREACHABLE_CODE = YES;
				CLANG_WARN__DUPLICATE_METHOD_MATCH = YES;
				COPY_PHASE_STRIP = NO;
				DEBUG_INFORMATION_FORMAT = dwarf;
				ENABLE_STRICT_OBJC_MSGSEND = YES;
				ENABLE_TESTABILITY = YES;
				GCC_C_LANGUAGE_STANDARD = gnu11;
				GCC_DYNAMIC_NO_PIC = NO;
				GCC_NO_COMMON_BLOCKS = YES;
				GCC_OPTIMIZATION_LEVEL = 0;
				GCC_PREPROCESSOR_DEFINITIONS = (
					"DEBUG=1",
					"$(inherited)",
				);
				GCC_WARN_64_TO_32_BIT_CONVERSION = YES;
				GCC_WARN_ABOUT_RETURN_TYPE = YES_ERROR;
				GCC_WARN_UNDECLARED_SELECTOR = YES;
				GCC_WARN_UNINITIALIZED_AUTOS = YES_AGGRESSIVE;
				GCC_WARN_UNUSED_FUNCTION = YES;
				GCC_WARN_UNUSED_VARIABLE = YES;
				IPHONEOS_DEPLOYMENT_TARGET = 15.2;
				MTL_ENABLE_DEBUG_INFO = INCLUDE_SOURCE;
				MTL_FAST_MATH = YES;
				ONLY_ACTIVE_ARCH = YES;
				SDKROOT = iphoneos;
				SWIFT_ACTIVE_COMPILATION_CONDITIONS = DEBUG;
				SWIFT_OPTIMIZATION_LEVEL = "-Onone";
			};
			name = Debug;
		};
		D6028DC42782C1FD00771B33 /* Release */ = {
			isa = XCBuildConfiguration;
			buildSettings = {
				ALWAYS_SEARCH_USER_PATHS = NO;
				CLANG_ANALYZER_NONNULL = YES;
				CLANG_ANALYZER_NUMBER_OBJECT_CONVERSION = YES_AGGRESSIVE;
				CLANG_CXX_LANGUAGE_STANDARD = "gnu++17";
				CLANG_CXX_LIBRARY = "libc++";
				CLANG_ENABLE_MODULES = YES;
				CLANG_ENABLE_OBJC_ARC = YES;
				CLANG_ENABLE_OBJC_WEAK = YES;
				CLANG_WARN_BLOCK_CAPTURE_AUTORELEASING = YES;
				CLANG_WARN_BOOL_CONVERSION = YES;
				CLANG_WARN_COMMA = YES;
				CLANG_WARN_CONSTANT_CONVERSION = YES;
				CLANG_WARN_DEPRECATED_OBJC_IMPLEMENTATIONS = YES;
				CLANG_WARN_DIRECT_OBJC_ISA_USAGE = YES_ERROR;
				CLANG_WARN_DOCUMENTATION_COMMENTS = YES;
				CLANG_WARN_EMPTY_BODY = YES;
				CLANG_WARN_ENUM_CONVERSION = YES;
				CLANG_WARN_INFINITE_RECURSION = YES;
				CLANG_WARN_INT_CONVERSION = YES;
				CLANG_WARN_NON_LITERAL_NULL_CONVERSION = YES;
				CLANG_WARN_OBJC_IMPLICIT_RETAIN_SELF = YES;
				CLANG_WARN_OBJC_LITERAL_CONVERSION = YES;
				CLANG_WARN_OBJC_ROOT_CLASS = YES_ERROR;
				CLANG_WARN_QUOTED_INCLUDE_IN_FRAMEWORK_HEADER = YES;
				CLANG_WARN_RANGE_LOOP_ANALYSIS = YES;
				CLANG_WARN_STRICT_PROTOTYPES = YES;
				CLANG_WARN_SUSPICIOUS_MOVE = YES;
				CLANG_WARN_UNGUARDED_AVAILABILITY = YES_AGGRESSIVE;
				CLANG_WARN_UNREACHABLE_CODE = YES;
				CLANG_WARN__DUPLICATE_METHOD_MATCH = YES;
				COPY_PHASE_STRIP = NO;
				DEBUG_INFORMATION_FORMAT = "dwarf-with-dsym";
				ENABLE_NS_ASSERTIONS = NO;
				ENABLE_STRICT_OBJC_MSGSEND = YES;
				GCC_C_LANGUAGE_STANDARD = gnu11;
				GCC_NO_COMMON_BLOCKS = YES;
				GCC_WARN_64_TO_32_BIT_CONVERSION = YES;
				GCC_WARN_ABOUT_RETURN_TYPE = YES_ERROR;
				GCC_WARN_UNDECLARED_SELECTOR = YES;
				GCC_WARN_UNINITIALIZED_AUTOS = YES_AGGRESSIVE;
				GCC_WARN_UNUSED_FUNCTION = YES;
				GCC_WARN_UNUSED_VARIABLE = YES;
				IPHONEOS_DEPLOYMENT_TARGET = 15.2;
				MTL_ENABLE_DEBUG_INFO = NO;
				MTL_FAST_MATH = YES;
				SDKROOT = iphoneos;
				SWIFT_COMPILATION_MODE = wholemodule;
				SWIFT_OPTIMIZATION_LEVEL = "-O";
				VALIDATE_PRODUCT = YES;
			};
			name = Release;
		};
		D6028DC62782C1FD00771B33 /* Debug */ = {
			isa = XCBuildConfiguration;
			buildSettings = {
				ASSETCATALOG_COMPILER_APPICON_NAME = AppIcon;
				ASSETCATALOG_COMPILER_GLOBAL_ACCENT_COLOR_NAME = AccentColor;
				CODE_SIGN_STYLE = Automatic;
				CURRENT_PROJECT_VERSION = 1;
				DEVELOPMENT_TEAM = L6Q4H7M3DB;
				GENERATE_INFOPLIST_FILE = YES;
				INFOPLIST_FILE = APITestPractice/Info.plist;
				INFOPLIST_KEY_UIApplicationSupportsIndirectInputEvents = YES;
				INFOPLIST_KEY_UILaunchStoryboardName = LaunchScreen;
				INFOPLIST_KEY_UIMainStoryboardFile = Main;
				INFOPLIST_KEY_UISupportedInterfaceOrientations_iPad = "UIInterfaceOrientationPortrait UIInterfaceOrientationPortraitUpsideDown UIInterfaceOrientationLandscapeLeft UIInterfaceOrientationLandscapeRight";
				INFOPLIST_KEY_UISupportedInterfaceOrientations_iPhone = "UIInterfaceOrientationPortrait UIInterfaceOrientationLandscapeLeft UIInterfaceOrientationLandscapeRight";
				LD_RUNPATH_SEARCH_PATHS = (
					"$(inherited)",
					"@executable_path/Frameworks",
				);
				MARKETING_VERSION = 1.0;
				PRODUCT_BUNDLE_IDENTIFIER = com.soraproject.APITestPractice;
				PRODUCT_NAME = "$(TARGET_NAME)";
				SWIFT_EMIT_LOC_STRINGS = YES;
				SWIFT_VERSION = 5.0;
				TARGETED_DEVICE_FAMILY = "1,2";
			};
			name = Debug;
		};
		D6028DC72782C1FD00771B33 /* Release */ = {
			isa = XCBuildConfiguration;
			buildSettings = {
				ASSETCATALOG_COMPILER_APPICON_NAME = AppIcon;
				ASSETCATALOG_COMPILER_GLOBAL_ACCENT_COLOR_NAME = AccentColor;
				CODE_SIGN_STYLE = Automatic;
				CURRENT_PROJECT_VERSION = 1;
				DEVELOPMENT_TEAM = L6Q4H7M3DB;
				GENERATE_INFOPLIST_FILE = YES;
				INFOPLIST_FILE = APITestPractice/Info.plist;
				INFOPLIST_KEY_UIApplicationSupportsIndirectInputEvents = YES;
				INFOPLIST_KEY_UILaunchStoryboardName = LaunchScreen;
				INFOPLIST_KEY_UIMainStoryboardFile = Main;
				INFOPLIST_KEY_UISupportedInterfaceOrientations_iPad = "UIInterfaceOrientationPortrait UIInterfaceOrientationPortraitUpsideDown UIInterfaceOrientationLandscapeLeft UIInterfaceOrientationLandscapeRight";
				INFOPLIST_KEY_UISupportedInterfaceOrientations_iPhone = "UIInterfaceOrientationPortrait UIInterfaceOrientationLandscapeLeft UIInterfaceOrientationLandscapeRight";
				LD_RUNPATH_SEARCH_PATHS = (
					"$(inherited)",
					"@executable_path/Frameworks",
				);
				MARKETING_VERSION = 1.0;
				PRODUCT_BUNDLE_IDENTIFIER = com.soraproject.APITestPractice;
				PRODUCT_NAME = "$(TARGET_NAME)";
				SWIFT_EMIT_LOC_STRINGS = YES;
				SWIFT_VERSION = 5.0;
				TARGETED_DEVICE_FAMILY = "1,2";
			};
			name = Release;
		};
		D6028DC92782C1FD00771B33 /* Debug */ = {
			isa = XCBuildConfiguration;
			buildSettings = {
				ALWAYS_EMBED_SWIFT_STANDARD_LIBRARIES = YES;
				BUNDLE_LOADER = "$(TEST_HOST)";
				CODE_SIGN_STYLE = Automatic;
				CURRENT_PROJECT_VERSION = 1;
				DEVELOPMENT_TEAM = L6Q4H7M3DB;
				GENERATE_INFOPLIST_FILE = YES;
				IPHONEOS_DEPLOYMENT_TARGET = 15.2;
				MARKETING_VERSION = 1.0;
				PRODUCT_BUNDLE_IDENTIFIER = com.soraproject.APITestPracticeTests;
				PRODUCT_NAME = "$(TARGET_NAME)";
				SWIFT_EMIT_LOC_STRINGS = NO;
				SWIFT_VERSION = 5.0;
				TARGETED_DEVICE_FAMILY = "1,2";
				TEST_HOST = "$(BUILT_PRODUCTS_DIR)/APITestPractice.app/APITestPractice";
			};
			name = Debug;
		};
		D6028DCA2782C1FD00771B33 /* Release */ = {
			isa = XCBuildConfiguration;
			buildSettings = {
				ALWAYS_EMBED_SWIFT_STANDARD_LIBRARIES = YES;
				BUNDLE_LOADER = "$(TEST_HOST)";
				CODE_SIGN_STYLE = Automatic;
				CURRENT_PROJECT_VERSION = 1;
				DEVELOPMENT_TEAM = L6Q4H7M3DB;
				GENERATE_INFOPLIST_FILE = YES;
				IPHONEOS_DEPLOYMENT_TARGET = 15.2;
				MARKETING_VERSION = 1.0;
				PRODUCT_BUNDLE_IDENTIFIER = com.soraproject.APITestPracticeTests;
				PRODUCT_NAME = "$(TARGET_NAME)";
				SWIFT_EMIT_LOC_STRINGS = NO;
				SWIFT_VERSION = 5.0;
				TARGETED_DEVICE_FAMILY = "1,2";
				TEST_HOST = "$(BUILT_PRODUCTS_DIR)/APITestPractice.app/APITestPractice";
			};
			name = Release;
		};
		D6028DCC2782C1FD00771B33 /* Debug */ = {
			isa = XCBuildConfiguration;
			buildSettings = {
				ALWAYS_EMBED_SWIFT_STANDARD_LIBRARIES = YES;
				CODE_SIGN_STYLE = Automatic;
				CURRENT_PROJECT_VERSION = 1;
				DEVELOPMENT_TEAM = L6Q4H7M3DB;
				GENERATE_INFOPLIST_FILE = YES;
				MARKETING_VERSION = 1.0;
				PRODUCT_BUNDLE_IDENTIFIER = com.soraproject.APITestPracticeUITests;
				PRODUCT_NAME = "$(TARGET_NAME)";
				SWIFT_EMIT_LOC_STRINGS = NO;
				SWIFT_VERSION = 5.0;
				TARGETED_DEVICE_FAMILY = "1,2";
				TEST_TARGET_NAME = APITestPractice;
			};
			name = Debug;
		};
		D6028DCD2782C1FD00771B33 /* Release */ = {
			isa = XCBuildConfiguration;
			buildSettings = {
				ALWAYS_EMBED_SWIFT_STANDARD_LIBRARIES = YES;
				CODE_SIGN_STYLE = Automatic;
				CURRENT_PROJECT_VERSION = 1;
				DEVELOPMENT_TEAM = L6Q4H7M3DB;
				GENERATE_INFOPLIST_FILE = YES;
				MARKETING_VERSION = 1.0;
				PRODUCT_BUNDLE_IDENTIFIER = com.soraproject.APITestPracticeUITests;
				PRODUCT_NAME = "$(TARGET_NAME)";
				SWIFT_EMIT_LOC_STRINGS = NO;
				SWIFT_VERSION = 5.0;
				TARGETED_DEVICE_FAMILY = "1,2";
				TEST_TARGET_NAME = APITestPractice;
			};
			name = Release;
		};
/* End XCBuildConfiguration section */

/* Begin XCConfigurationList section */
		D6028D962782C1FB00771B33 /* Build configuration list for PBXProject "APITestPractice" */ = {
			isa = XCConfigurationList;
			buildConfigurations = (
				D6028DC32782C1FD00771B33 /* Debug */,
				D6028DC42782C1FD00771B33 /* Release */,
			);
			defaultConfigurationIsVisible = 0;
			defaultConfigurationName = Release;
		};
		D6028DC52782C1FD00771B33 /* Build configuration list for PBXNativeTarget "APITestPractice" */ = {
			isa = XCConfigurationList;
			buildConfigurations = (
				D6028DC62782C1FD00771B33 /* Debug */,
				D6028DC72782C1FD00771B33 /* Release */,
			);
			defaultConfigurationIsVisible = 0;
			defaultConfigurationName = Release;
		};
		D6028DC82782C1FD00771B33 /* Build configuration list for PBXNativeTarget "APITestPracticeTests" */ = {
			isa = XCConfigurationList;
			buildConfigurations = (
				D6028DC92782C1FD00771B33 /* Debug */,
				D6028DCA2782C1FD00771B33 /* Release */,
			);
			defaultConfigurationIsVisible = 0;
			defaultConfigurationName = Release;
		};
		D6028DCB2782C1FD00771B33 /* Build configuration list for PBXNativeTarget "APITestPracticeUITests" */ = {
			isa = XCConfigurationList;
			buildConfigurations = (
				D6028DCC2782C1FD00771B33 /* Debug */,
				D6028DCD2782C1FD00771B33 /* Release */,
			);
			defaultConfigurationIsVisible = 0;
			defaultConfigurationName = Release;
		};
/* End XCConfigurationList section */
	};
	rootObject = D6028D932782C1FB00771B33 /* Project object */;
}
